{
  "schema_version": 1,
  "task_modes": {
    "constitution_bootstrap": {
      "AGENTS.md": "c30c573d099305898f42c86ae40c32f47927080e4223a9804bce06f948ab128f",
      "docs/CASE_STUDY_CONFLICT_AWARE_EDITING.md": "264d3b07c0d63847cbf3d848228ef253f96948a192f709f1fcc377a7530d791b",
      "docs/DESIGN_PRINCIPLES.md": "3d919c06775e1c8a50442476184b9d31ea115550032f4e0b481837cba933c33f",
      "docs/GUARDRAILS_AND_ANTI_SHIM.md": "9ea8d863ab32212bd043c9d9fea78317970f9d087c16325cfa91ba6217732014",
      "docs/LOOP_SPEC.md": "776928a9006d420898d64cb8073d2cdd407cac0db7850e61ca7cda554b278935"
    },
    "method_iteration": {
      "AGENTS.md": "c30c573d099305898f42c86ae40c32f47927080e4223a9804bce06f948ab128f",
      "README.md": "6e329b51bd447bff5f6bc1cffc0a9292ba2e96384c860d620897be59e02acfb2",
      "data/packs/cl_confirm_locked_v1.hash": "6199a4ea6bd96bf0d649b7d09bc39141cab9ed70ec1d6866e36c27ed716b54f6",
      "data/packs/cl_confirm_locked_v1.summary.yaml": "9e39b2f4cf390bbae9f57f02d9269b1f96f27371849f5e760f66e4a508e2303c",
      "data/packs/cl_confirm_locked_v2_seen_fact_hidden_surface.hash": "602e7bf6a6798e6c6f0623b88babaf48d3d9232a6e6fbcde26ec56db3ce9a139",
      "data/packs/cl_confirm_locked_v2_seen_fact_hidden_surface.summary.yaml": "8b1ce59118f2320412e62e0c682f22114df208a147537f1e25b52e926c1770d6",
      "data/packs/cl_confirm_locked_v4_counterfact.hash": "be5455fabd714ff93c07f91a5d8645324a3db73cc1e7239da0d2a8f3d34e70e1",
      "data/packs/cl_confirm_locked_v4_counterfact.summary.yaml": "415ebd2b9f873d043d54792deb1b369c048a15db2f4e7d88852919453bc0f307",
      "data/packs/cl_confirm_locked_v4_counterfact_smoke.hash": "e174d95b2454bb3acc8abcb200af3b32a5b8f7869d499a96eea5a2c8d17c6720",
      "data/packs/cl_confirm_locked_v4_counterfact_smoke.summary.yaml": "5e3d2623a18be761fbe5aa722b9229a11fed3d862ab8087b3d24bbc45f5ef44b",
      "data/packs/cl_confirm_locked_v4_counterfact_standard.hash": "0e041b275bbe6140feb29291ff25bfe5c5e863b5523a138f5af49894e6272ac3",
      "data/packs/cl_confirm_locked_v4_counterfact_standard.summary.yaml": "82f0288edd8cc0742fb78ae1a1bea2a56b4f3dc2d1533d4bcbc3c89650e934e3",
      "data/packs/cl_dev_visible_v1.yaml": "8fbf40a5cb870fb6bde3e181ab2615f844d68e3e3d74942c0fd8b82e2b6d8408",
      "data/packs/cl_dev_visible_v2.yaml": "e9ed5cb78b649c1090d1834f9b5109bfa5be0b79cafc64dcef0e3eb5e7044a51",
      "data/packs/cl_dev_visible_v3_seen_fact_hidden_surface.yaml": "f74d60f7d57b58464b82bef5e5fdfcc1cc9de4d34dd8273bad5e65eb27bd4486",
      "data/packs/cl_dev_visible_v4_counterfact.yaml": "d7c11095edbad9020e421f430ed5f0ad75dc304cf1dc9c0db4f6a2e2ab0ac8e0",
      "data/packs/cl_dev_visible_v4_counterfact_smoke.yaml": "c6b14f50d443c18ee70c5b745b54d945feb0819ea34f2ffe10295f8ffdad29e7",
      "data/packs/cl_dev_visible_v4_counterfact_standard.yaml": "ced2e4d5543b9183656b5d64eaf1f6698a9022ba68513878b5fd0ac6872d840b",
      "data/packs/confirm_locked_v1.hash": "d5f1a5ebc27e59035d29ecd22891247d4bc7819ce01fb86eeca7f106d6baec6d",
      "data/packs/confirm_locked_v1.summary.yaml": "40db15aec9c275688730c378921f9b71c48e2a6ed8d29ac3b530a606aece138a",
      "data/packs/dev_visible_v1.yaml": "588dee99fd63654d67eb5642e787b29219f238ade327e4f4923524aad2a0799d",
      "eval/aggregates.py": "839f3e043ca107e97fe649aa766345619546396272e713c4f79564d4c6df6573",
      "eval/metrics.py": "900f0e007c7d4788cc77b5d134a9d652654712e4e4264656785b6f6b1c1f9fed",
      "eval/protected_runner.py": "39ee24169b5e186e0ad9537244a019ca63a74d67e9192ec6cf38cb4fb60e7573",
      "eval/runner.py": "14a7a155fffb2bfe79ce5aa272775559b003104e09d9c4d2a364fd42214787d3",
      "eval/schema.py": "e94168347120c0d2a5c667f1cab2b3f3cd288e0ca80a7d1ca0a155e75dc42092",
      "eval/sentinels.py": "5acaad8203dcf95d092daac3d00a657b3542349d3ae796733059e6ac88a64c8a",
      "program.md": "9e40e1b768500acb084032cb35091c20a103ab333625b60447887a01246bac8e",
      "protocol/ANTI_SHIM.md": "10b5dd8046ef509a5a50996e8debe939f171369c1b43c27c504496f4552c5218",
      "protocol/BOOTSTRAP.yaml": "9a750d092f484a30c169734dcca3513fc040e07f851e59a690ff768b3561d3b4",
      "protocol/HITL_POLICY.md": "8f61c5730b98e27d7d73aac819e5d7be451be00fe6a5d32ff939c5c1799ec259",
      "protocol/INTEGRITY_PASS.md": "c6a21d1840f96c5d9c4015f54fe06811ab52ade2db9b41f8b19d2f06751cf96d",
      "protocol/LOOP.md": "25fef629f406e2eac638870e955fb2ffaed37316de2bd6fd200664cdf068893f",
      "protocol/OPERATING.md": "48262ab5fb7b36fcf40dd08778b328e6d8c7eeca42c507be88e94212bb483608",
      "protocol/RESEARCH_POLICY.md": "8f00204108a6173dc8d7d193f3f90ab198a062e6fbf1ae1441fe87fa4b81d0ee",
      "protocol/STATE_MACHINE.md": "f007f23fb73d70bbb0b384b12f9129a10c08f879ffe329de4ce4bf5a92c6d418",
      "protocol/SURFACES.yaml": "85e7b9203ed19884ec93e1b60f2bb63acce5a181f96c97b9826ae58b804d5d66"
    }
  }
}
